// !$*UTF8*$!
{
	archiveVersion = 1;
	classes = {
	};
	objectVersion = 55;
	objects = {

/* Begin PBXBuildFile section */
		399BF8566BA242976067DBA2 /* Pods_FindingPhotosProject.framework in Frameworks */ = {isa = PBXBuildFile; fileRef = DFF784C2DB431630DD27CBD3 /* Pods_FindingPhotosProject.framework */; };
		632977BD29D04759004FDD85 /* APIKeyList.plist in Resources */ = {isa = PBXBuildFile; fileRef = 632977BC29D04759004FDD85 /* APIKeyList.plist */; };
		632977BF29D047F1004FDD85 /* Protocols.swift in Sources */ = {isa = PBXBuildFile; fileRef = 632977BE29D047F1004FDD85 /* Protocols.swift */; };
		AD4580CF29CC71C600B8D8A6 /* AppDelegate.swift in Sources */ = {isa = PBXBuildFile; fileRef = AD4580CE29CC71C600B8D8A6 /* AppDelegate.swift */; };
		AD4580D129CC71C600B8D8A6 /* SceneDelegate.swift in Sources */ = {isa = PBXBuildFile; fileRef = AD4580D029CC71C600B8D8A6 /* SceneDelegate.swift */; };
		AD4580D929CC71C600B8D8A6 /* FindingPhotosProject.xcdatamodeld in Sources */ = {isa = PBXBuildFile; fileRef = AD4580D729CC71C600B8D8A6 /* FindingPhotosProject.xcdatamodeld */; };
		AD4580DB29CC71C700B8D8A6 /* Assets.xcassets in Resources */ = {isa = PBXBuildFile; fileRef = AD4580DA29CC71C700B8D8A6 /* Assets.xcassets */; };
		AD4580DE29CC71C700B8D8A6 /* LaunchScreen.storyboard in Resources */ = {isa = PBXBuildFile; fileRef = AD4580DC29CC71C700B8D8A6 /* LaunchScreen.storyboard */; };
		AD4580E829CC784000B8D8A6 /* GoogleService-Info.plist in Resources */ = {isa = PBXBuildFile; fileRef = AD4580E729CC784000B8D8A6 /* GoogleService-Info.plist */; };
		AD4580EA29CC7F2E00B8D8A6 /* LoginViewController.swift in Sources */ = {isa = PBXBuildFile; fileRef = AD4580E929CC7F2E00B8D8A6 /* LoginViewController.swift */; };
		AD4580EC29CC7F3A00B8D8A6 /* MapViewController.swift in Sources */ = {isa = PBXBuildFile; fileRef = AD4580EB29CC7F3A00B8D8A6 /* MapViewController.swift */; };
		AD4580EE29CC7F6000B8D8A6 /* PhotoViewController.swift in Sources */ = {isa = PBXBuildFile; fileRef = AD4580ED29CC7F6000B8D8A6 /* PhotoViewController.swift */; };
		AD4580F029CC800C00B8D8A6 /* UserViewController.swift in Sources */ = {isa = PBXBuildFile; fileRef = AD4580EF29CC800C00B8D8A6 /* UserViewController.swift */; };
		AD45810B29CC878000B8D8A6 /* Extensions.swift in Sources */ = {isa = PBXBuildFile; fileRef = AD45810A29CC878000B8D8A6 /* Extensions.swift */; };
		AD45810D29CC88E400B8D8A6 /* APIKeys.swift in Sources */ = {isa = PBXBuildFile; fileRef = AD45810C29CC88E400B8D8A6 /* APIKeys.swift */; };
/* End PBXBuildFile section */

/* Begin PBXFileReference section */
		0C91FF69D084BFA68B47EF0E /* Pods-FindingPhotosProject.release.xcconfig */ = {isa = PBXFileReference; includeInIndex = 1; lastKnownFileType = text.xcconfig; name = "Pods-FindingPhotosProject.release.xcconfig"; path = "Target Support Files/Pods-FindingPhotosProject/Pods-FindingPhotosProject.release.xcconfig"; sourceTree = "<group>"; };
		632977BC29D04759004FDD85 /* APIKeyList.plist */ = {isa = PBXFileReference; lastKnownFileType = text.plist.xml; path = APIKeyList.plist; sourceTree = "<group>"; };
		632977BE29D047F1004FDD85 /* Protocols.swift */ = {isa = PBXFileReference; lastKnownFileType = sourcecode.swift; path = Protocols.swift; sourceTree = "<group>"; };
		AD4580CB29CC71C600B8D8A6 /* FindingPhotosProject.app */ = {isa = PBXFileReference; explicitFileType = wrapper.application; includeInIndex = 0; path = FindingPhotosProject.app; sourceTree = BUILT_PRODUCTS_DIR; };
		AD4580CE29CC71C600B8D8A6 /* AppDelegate.swift */ = {isa = PBXFileReference; lastKnownFileType = sourcecode.swift; path = AppDelegate.swift; sourceTree = "<group>"; };
		AD4580D029CC71C600B8D8A6 /* SceneDelegate.swift */ = {isa = PBXFileReference; lastKnownFileType = sourcecode.swift; path = SceneDelegate.swift; sourceTree = "<group>"; };
		AD4580D829CC71C600B8D8A6 /* FindingPhotosProject.xcdatamodel */ = {isa = PBXFileReference; lastKnownFileType = wrapper.xcdatamodel; path = FindingPhotosProject.xcdatamodel; sourceTree = "<group>"; };
		AD4580DA29CC71C700B8D8A6 /* Assets.xcassets */ = {isa = PBXFileReference; lastKnownFileType = folder.assetcatalog; path = Assets.xcassets; sourceTree = "<group>"; };
		AD4580DD29CC71C700B8D8A6 /* Base */ = {isa = PBXFileReference; lastKnownFileType = file.storyboard; name = Base; path = Base.lproj/LaunchScreen.storyboard; sourceTree = "<group>"; };
		AD4580DF29CC71C700B8D8A6 /* Info.plist */ = {isa = PBXFileReference; lastKnownFileType = text.plist.xml; path = Info.plist; sourceTree = "<group>"; };
		AD4580E729CC784000B8D8A6 /* GoogleService-Info.plist */ = {isa = PBXFileReference; fileEncoding = 4; lastKnownFileType = text.plist.xml; path = "GoogleService-Info.plist"; sourceTree = "<group>"; };
		AD4580E929CC7F2E00B8D8A6 /* LoginViewController.swift */ = {isa = PBXFileReference; lastKnownFileType = sourcecode.swift; path = LoginViewController.swift; sourceTree = "<group>"; };
		AD4580EB29CC7F3A00B8D8A6 /* MapViewController.swift */ = {isa = PBXFileReference; lastKnownFileType = sourcecode.swift; path = MapViewController.swift; sourceTree = "<group>"; };
		AD4580ED29CC7F6000B8D8A6 /* PhotoViewController.swift */ = {isa = PBXFileReference; lastKnownFileType = sourcecode.swift; path = PhotoViewController.swift; sourceTree = "<group>"; };
		AD4580EF29CC800C00B8D8A6 /* UserViewController.swift */ = {isa = PBXFileReference; lastKnownFileType = sourcecode.swift; path = UserViewController.swift; sourceTree = "<group>"; };
		AD45810A29CC878000B8D8A6 /* Extensions.swift */ = {isa = PBXFileReference; lastKnownFileType = sourcecode.swift; path = Extensions.swift; sourceTree = "<group>"; };
		AD45810C29CC88E400B8D8A6 /* APIKeys.swift */ = {isa = PBXFileReference; lastKnownFileType = sourcecode.swift; path = APIKeys.swift; sourceTree = "<group>"; };
		DA25624C2C1F1C3604E9F966 /* Pods-FindingPhotosProject.debug.xcconfig */ = {isa = PBXFileReference; includeInIndex = 1; lastKnownFileType = text.xcconfig; name = "Pods-FindingPhotosProject.debug.xcconfig"; path = "Target Support Files/Pods-FindingPhotosProject/Pods-FindingPhotosProject.debug.xcconfig"; sourceTree = "<group>"; };
		DFF784C2DB431630DD27CBD3 /* Pods_FindingPhotosProject.framework */ = {isa = PBXFileReference; explicitFileType = wrapper.framework; includeInIndex = 0; path = Pods_FindingPhotosProject.framework; sourceTree = BUILT_PRODUCTS_DIR; };
/* End PBXFileReference section */

/* Begin PBXFrameworksBuildPhase section */
		AD4580C829CC71C600B8D8A6 /* Frameworks */ = {
			isa = PBXFrameworksBuildPhase;
			buildActionMask = 2147483647;
			files = (
				399BF8566BA242976067DBA2 /* Pods_FindingPhotosProject.framework in Frameworks */,
			);
			runOnlyForDeploymentPostprocessing = 0;
		};
/* End PBXFrameworksBuildPhase section */

/* Begin PBXGroup section */
		3ECEB7A58FEBE433051959CF /* Frameworks */ = {
			isa = PBXGroup;
			children = (
				DFF784C2DB431630DD27CBD3 /* Pods_FindingPhotosProject.framework */,
			);
			name = Frameworks;
			sourceTree = "<group>";
		};
		A92778B633A385BE7DBA7F6B /* Pods */ = {
			isa = PBXGroup;
			children = (
				DA25624C2C1F1C3604E9F966 /* Pods-FindingPhotosProject.debug.xcconfig */,
				0C91FF69D084BFA68B47EF0E /* Pods-FindingPhotosProject.release.xcconfig */,
			);
			path = Pods;
			sourceTree = "<group>";
		};
		AD4580C229CC71C600B8D8A6 = {
			isa = PBXGroup;
			children = (
				AD4580CD29CC71C600B8D8A6 /* FindingPhotosProject */,
				AD4580CC29CC71C600B8D8A6 /* Products */,
				A92778B633A385BE7DBA7F6B /* Pods */,
				3ECEB7A58FEBE433051959CF /* Frameworks */,
			);
			sourceTree = "<group>";
		};
		AD4580CC29CC71C600B8D8A6 /* Products */ = {
			isa = PBXGroup;
			children = (
				AD4580CB29CC71C600B8D8A6 /* FindingPhotosProject.app */,
			);
			name = Products;
			sourceTree = "<group>";
		};
		AD4580CD29CC71C600B8D8A6 /* FindingPhotosProject */ = {
			isa = PBXGroup;
			children = (
				AD4580CE29CC71C600B8D8A6 /* AppDelegate.swift */,
				AD4580D029CC71C600B8D8A6 /* SceneDelegate.swift */,
				AD4580F729CC828900B8D8A6 /* Resources */,
				AD4580F629CC824200B8D8A6 /* Models */,
				AD4580F529CC823F00B8D8A6 /* View */,
				AD4580F429CC823C00B8D8A6 /* ViewModels */,
				AD4580F229CC823400B8D8A6 /* APIs */,
				AD4580F129CC821B00B8D8A6 /* Utils */,
				AD4580D729CC71C600B8D8A6 /* FindingPhotosProject.xcdatamodeld */,
			);
			path = FindingPhotosProject;
			sourceTree = "<group>";
		};
		AD4580F129CC821B00B8D8A6 /* Utils */ = {
			isa = PBXGroup;
			children = (
				AD45810A29CC878000B8D8A6 /* Extensions.swift */,
				632977BE29D047F1004FDD85 /* Protocols.swift */,
			);
			path = Utils;
			sourceTree = "<group>";
		};
		AD4580F229CC823400B8D8A6 /* APIs */ = {
			isa = PBXGroup;
			children = (
				AD45810C29CC88E400B8D8A6 /* APIKeys.swift */,
				632977BC29D04759004FDD85 /* APIKeyList.plist */,
			);
			path = APIs;
			sourceTree = "<group>";
		};
		AD4580F329CC823900B8D8A6 /* Controllers */ = {
			isa = PBXGroup;
			children = (
				AD4580FA29CC85F400B8D8A6 /* Login */,
				AD45810129CC86CB00B8D8A6 /* Map */,
				AD45810029CC86C700B8D8A6 /* Photo */,
				AD4580FF29CC86C600B8D8A6 /* User */,
			);
			path = Controllers;
			sourceTree = "<group>";
		};
		AD4580F429CC823C00B8D8A6 /* ViewModels */ = {
			isa = PBXGroup;
			children = (
				AD45810929CC872E00B8D8A6 /* Login */,
				AD45810829CC872B00B8D8A6 /* Map */,
				AD45810729CC872A00B8D8A6 /* Photo */,
				AD45810629CC872900B8D8A6 /* User */,
			);
			path = ViewModels;
			sourceTree = "<group>";
		};
		AD4580F529CC823F00B8D8A6 /* View */ = {
			isa = PBXGroup;
			children = (
				AD4580F929CC85DA00B8D8A6 /* Views */,
				AD4580F829CC85C300B8D8A6 /* Cells */,
				AD4580F329CC823900B8D8A6 /* Controllers */,
			);
			path = View;
			sourceTree = "<group>";
		};
		AD4580F629CC824200B8D8A6 /* Models */ = {
			isa = PBXGroup;
			children = (
				AD4580FE29CC868600B8D8A6 /* User */,
				AD4580FD29CC868500B8D8A6 /* Location */,
				AD4580FC29CC868400B8D8A6 /* Photo */,
			);
			path = Models;
			sourceTree = "<group>";
		};
		AD4580F729CC828900B8D8A6 /* Resources */ = {
			isa = PBXGroup;
			children = (
				AD4580E729CC784000B8D8A6 /* GoogleService-Info.plist */,
				AD4580DA29CC71C700B8D8A6 /* Assets.xcassets */,
				AD4580DC29CC71C700B8D8A6 /* LaunchScreen.storyboard */,
				AD4580DF29CC71C700B8D8A6 /* Info.plist */,
			);
			path = Resources;
			sourceTree = "<group>";
		};
		AD4580F829CC85C300B8D8A6 /* Cells */ = {
			isa = PBXGroup;
			children = (
			);
			path = Cells;
			sourceTree = "<group>";
		};
		AD4580F929CC85DA00B8D8A6 /* Views */ = {
			isa = PBXGroup;
			children = (
				AD45810229CC86F200B8D8A6 /* Login */,
				AD45810329CC86FE00B8D8A6 /* Map */,
				AD45810429CC870400B8D8A6 /* Photo */,
				AD45810529CC870F00B8D8A6 /* User */,
			);
			path = Views;
			sourceTree = "<group>";
		};
		AD4580FA29CC85F400B8D8A6 /* Login */ = {
			isa = PBXGroup;
			children = (
				AD4580E929CC7F2E00B8D8A6 /* LoginViewController.swift */,
			);
			path = Login;
			sourceTree = "<group>";
		};
		AD4580FC29CC868400B8D8A6 /* Photo */ = {
			isa = PBXGroup;
			children = (
			);
			path = Photo;
			sourceTree = "<group>";
		};
		AD4580FD29CC868500B8D8A6 /* Location */ = {
			isa = PBXGroup;
			children = (
			);
			path = Location;
			sourceTree = "<group>";
		};
		AD4580FE29CC868600B8D8A6 /* User */ = {
			isa = PBXGroup;
			children = (
			);
			path = User;
			sourceTree = "<group>";
		};
		AD4580FF29CC86C600B8D8A6 /* User */ = {
			isa = PBXGroup;
			children = (
				AD4580EF29CC800C00B8D8A6 /* UserViewController.swift */,
			);
			path = User;
			sourceTree = "<group>";
		};
		AD45810029CC86C700B8D8A6 /* Photo */ = {
			isa = PBXGroup;
			children = (
				AD4580ED29CC7F6000B8D8A6 /* PhotoViewController.swift */,
			);
			path = Photo;
			sourceTree = "<group>";
		};
		AD45810129CC86CB00B8D8A6 /* Map */ = {
			isa = PBXGroup;
			children = (
				AD4580EB29CC7F3A00B8D8A6 /* MapViewController.swift */,
			);
			path = Map;
			sourceTree = "<group>";
		};
		AD45810229CC86F200B8D8A6 /* Login */ = {
			isa = PBXGroup;
			children = (
			);
			path = Login;
			sourceTree = "<group>";
		};
		AD45810329CC86FE00B8D8A6 /* Map */ = {
			isa = PBXGroup;
			children = (
			);
			path = Map;
			sourceTree = "<group>";
		};
		AD45810429CC870400B8D8A6 /* Photo */ = {
			isa = PBXGroup;
			children = (
			);
			path = Photo;
			sourceTree = "<group>";
		};
		AD45810529CC870F00B8D8A6 /* User */ = {
			isa = PBXGroup;
			children = (
			);
			path = User;
			sourceTree = "<group>";
		};
		AD45810629CC872900B8D8A6 /* User */ = {
			isa = PBXGroup;
			children = (
			);
			path = User;
			sourceTree = "<group>";
		};
		AD45810729CC872A00B8D8A6 /* Photo */ = {
			isa = PBXGroup;
			children = (
			);
			path = Photo;
			sourceTree = "<group>";
		};
		AD45810829CC872B00B8D8A6 /* Map */ = {
			isa = PBXGroup;
			children = (
			);
			path = Map;
			sourceTree = "<group>";
		};
		AD45810929CC872E00B8D8A6 /* Login */ = {
			isa = PBXGroup;
			children = (
			);
			path = Login;
			sourceTree = "<group>";
		};
/* End PBXGroup section */

/* Begin PBXNativeTarget section */
		AD4580CA29CC71C600B8D8A6 /* FindingPhotosProject */ = {
			isa = PBXNativeTarget;
			buildConfigurationList = AD4580E229CC71C700B8D8A6 /* Build configuration list for PBXNativeTarget "FindingPhotosProject" */;
			buildPhases = (
				F50A5D36E9A07B12466E217F /* [CP] Check Pods Manifest.lock */,
				AD4580C729CC71C600B8D8A6 /* Sources */,
				AD4580C829CC71C600B8D8A6 /* Frameworks */,
				AD4580C929CC71C600B8D8A6 /* Resources */,
				99D97FCF95D8328D7516D44A /* [CP] Embed Pods Frameworks */,
			);
			buildRules = (
			);
			dependencies = (
			);
			name = FindingPhotosProject;
			productName = FindingPhotosProject;
			productReference = AD4580CB29CC71C600B8D8A6 /* FindingPhotosProject.app */;
			productType = "com.apple.product-type.application";
		};
/* End PBXNativeTarget section */

/* Begin PBXProject section */
		AD4580C329CC71C600B8D8A6 /* Project object */ = {
			isa = PBXProject;
			attributes = {
				BuildIndependentTargetsInParallel = 1;
				LastSwiftUpdateCheck = 1420;
				LastUpgradeCheck = 1420;
				TargetAttributes = {
					AD4580CA29CC71C600B8D8A6 = {
						CreatedOnToolsVersion = 14.2;
					};
				};
			};
			buildConfigurationList = AD4580C629CC71C600B8D8A6 /* Build configuration list for PBXProject "FindingPhotosProject" */;
			compatibilityVersion = "Xcode 13.0";
			developmentRegion = en;
			hasScannedForEncodings = 0;
			knownRegions = (
				en,
				Base,
			);
			mainGroup = AD4580C229CC71C600B8D8A6;
			productRefGroup = AD4580CC29CC71C600B8D8A6 /* Products */;
			projectDirPath = "";
			projectRoot = "";
			targets = (
				AD4580CA29CC71C600B8D8A6 /* FindingPhotosProject */,
			);
		};
/* End PBXProject section */

/* Begin PBXResourcesBuildPhase section */
		AD4580C929CC71C600B8D8A6 /* Resources */ = {
			isa = PBXResourcesBuildPhase;
			buildActionMask = 2147483647;
			files = (
				AD4580DE29CC71C700B8D8A6 /* LaunchScreen.storyboard in Resources */,
				632977BD29D04759004FDD85 /* APIKeyList.plist in Resources */,
				AD4580E829CC784000B8D8A6 /* GoogleService-Info.plist in Resources */,
				AD4580DB29CC71C700B8D8A6 /* Assets.xcassets in Resources */,
			);
			runOnlyForDeploymentPostprocessing = 0;
		};
/* End PBXResourcesBuildPhase section */

/* Begin PBXShellScriptBuildPhase section */
		99D97FCF95D8328D7516D44A /* [CP] Embed Pods Frameworks */ = {
			isa = PBXShellScriptBuildPhase;
			buildActionMask = 2147483647;
			files = (
			);
			inputFileListPaths = (
				"${PODS_ROOT}/Target Support Files/Pods-FindingPhotosProject/Pods-FindingPhotosProject-frameworks-${CONFIGURATION}-input-files.xcfilelist",
			);
			name = "[CP] Embed Pods Frameworks";
			outputFileListPaths = (
				"${PODS_ROOT}/Target Support Files/Pods-FindingPhotosProject/Pods-FindingPhotosProject-frameworks-${CONFIGURATION}-output-files.xcfilelist",
			);
			runOnlyForDeploymentPostprocessing = 0;
			shellPath = /bin/sh;
			shellScript = "\"${PODS_ROOT}/Target Support Files/Pods-FindingPhotosProject/Pods-FindingPhotosProject-frameworks.sh\"\n";
			showEnvVarsInLog = 0;
		};
		F50A5D36E9A07B12466E217F /* [CP] Check Pods Manifest.lock */ = {
			isa = PBXShellScriptBuildPhase;
			buildActionMask = 2147483647;
			files = (
			);
			inputFileListPaths = (
			);
			inputPaths = (
				"${PODS_PODFILE_DIR_PATH}/Podfile.lock",
				"${PODS_ROOT}/Manifest.lock",
			);
			name = "[CP] Check Pods Manifest.lock";
			outputFileListPaths = (
			);
			outputPaths = (
				"$(DERIVED_FILE_DIR)/Pods-FindingPhotosProject-checkManifestLockResult.txt",
			);
			runOnlyForDeploymentPostprocessing = 0;
			shellPath = /bin/sh;
			shellScript = "diff \"${PODS_PODFILE_DIR_PATH}/Podfile.lock\" \"${PODS_ROOT}/Manifest.lock\" > /dev/null\nif [ $? != 0 ] ; then\n    # print error to STDERR\n    echo \"error: The sandbox is not in sync with the Podfile.lock. Run 'pod install' or update your CocoaPods installation.\" >&2\n    exit 1\nfi\n# This output is used by Xcode 'outputs' to avoid re-running this script phase.\necho \"SUCCESS\" > \"${SCRIPT_OUTPUT_FILE_0}\"\n";
			showEnvVarsInLog = 0;
		};
/* End PBXShellScriptBuildPhase section */

/* Begin PBXSourcesBuildPhase section */
		AD4580C729CC71C600B8D8A6 /* Sources */ = {
			isa = PBXSourcesBuildPhase;
			buildActionMask = 2147483647;
			files = (
				AD4580D929CC71C600B8D8A6 /* FindingPhotosProject.xcdatamodeld in Sources */,
				AD4580F029CC800C00B8D8A6 /* UserViewController.swift in Sources */,
				AD4580EC29CC7F3A00B8D8A6 /* MapViewController.swift in Sources */,
				AD45810D29CC88E400B8D8A6 /* APIKeys.swift in Sources */,
				AD45810B29CC878000B8D8A6 /* Extensions.swift in Sources */,
				632977BF29D047F1004FDD85 /* Protocols.swift in Sources */,
				AD4580CF29CC71C600B8D8A6 /* AppDelegate.swift in Sources */,
				AD4580EE29CC7F6000B8D8A6 /* PhotoViewController.swift in Sources */,
				AD4580EA29CC7F2E00B8D8A6 /* LoginViewController.swift in Sources */,
				AD4580D129CC71C600B8D8A6 /* SceneDelegate.swift in Sources */,
			);
			runOnlyForDeploymentPostprocessing = 0;
		};
/* End PBXSourcesBuildPhase section */

/* Begin PBXVariantGroup section */
		AD4580DC29CC71C700B8D8A6 /* LaunchScreen.storyboard */ = {
			isa = PBXVariantGroup;
			children = (
				AD4580DD29CC71C700B8D8A6 /* Base */,
			);
			name = LaunchScreen.storyboard;
			sourceTree = "<group>";
		};
/* End PBXVariantGroup section */

/* Begin XCBuildConfiguration section */
		AD4580E029CC71C700B8D8A6 /* Debug */ = {
			isa = XCBuildConfiguration;
			buildSettings = {
				ALWAYS_SEARCH_USER_PATHS = NO;
				CLANG_ANALYZER_NONNULL = YES;
				CLANG_ANALYZER_NUMBER_OBJECT_CONVERSION = YES_AGGRESSIVE;
				CLANG_CXX_LANGUAGE_STANDARD = "gnu++20";
				CLANG_ENABLE_MODULES = YES;
				CLANG_ENABLE_OBJC_ARC = YES;
				CLANG_ENABLE_OBJC_WEAK = YES;
				CLANG_WARN_BLOCK_CAPTURE_AUTORELEASING = YES;
				CLANG_WARN_BOOL_CONVERSION = YES;
				CLANG_WARN_COMMA = YES;
				CLANG_WARN_CONSTANT_CONVERSION = YES;
				CLANG_WARN_DEPRECATED_OBJC_IMPLEMENTATIONS = YES;
				CLANG_WARN_DIRECT_OBJC_ISA_USAGE = YES_ERROR;
				CLANG_WARN_DOCUMENTATION_COMMENTS = YES;
				CLANG_WARN_EMPTY_BODY = YES;
				CLANG_WARN_ENUM_CONVERSION = YES;
				CLANG_WARN_INFINITE_RECURSION = YES;
				CLANG_WARN_INT_CONVERSION = YES;
				CLANG_WARN_NON_LITERAL_NULL_CONVERSION = YES;
				CLANG_WARN_OBJC_IMPLICIT_RETAIN_SELF = YES;
				CLANG_WARN_OBJC_LITERAL_CONVERSION = YES;
				CLANG_WARN_OBJC_ROOT_CLASS = YES_ERROR;
				CLANG_WARN_QUOTED_INCLUDE_IN_FRAMEWORK_HEADER = YES;
				CLANG_WARN_RANGE_LOOP_ANALYSIS = YES;
				CLANG_WARN_STRICT_PROTOTYPES = YES;
				CLANG_WARN_SUSPICIOUS_MOVE = YES;
				CLANG_WARN_UNGUARDED_AVAILABILITY = YES_AGGRESSIVE;
				CLANG_WARN_UNREACHABLE_CODE = YES;
				CLANG_WARN__DUPLICATE_METHOD_MATCH = YES;
				COPY_PHASE_STRIP = NO;
				DEBUG_INFORMATION_FORMAT = dwarf;
				ENABLE_STRICT_OBJC_MSGSEND = YES;
				ENABLE_TESTABILITY = YES;
				GCC_C_LANGUAGE_STANDARD = gnu11;
				GCC_DYNAMIC_NO_PIC = NO;
				GCC_NO_COMMON_BLOCKS = YES;
				GCC_OPTIMIZATION_LEVEL = 0;
				GCC_PREPROCESSOR_DEFINITIONS = (
					"DEBUG=1",
					"$(inherited)",
				);
				GCC_WARN_64_TO_32_BIT_CONVERSION = YES;
				GCC_WARN_ABOUT_RETURN_TYPE = YES_ERROR;
				GCC_WARN_UNDECLARED_SELECTOR = YES;
				GCC_WARN_UNINITIALIZED_AUTOS = YES_AGGRESSIVE;
				GCC_WARN_UNUSED_FUNCTION = YES;
				GCC_WARN_UNUSED_VARIABLE = YES;
				IPHONEOS_DEPLOYMENT_TARGET = 13.0;
				MTL_ENABLE_DEBUG_INFO = INCLUDE_SOURCE;
				MTL_FAST_MATH = YES;
				ONLY_ACTIVE_ARCH = YES;
				SDKROOT = iphoneos;
				SWIFT_ACTIVE_COMPILATION_CONDITIONS = DEBUG;
				SWIFT_OPTIMIZATION_LEVEL = "-Onone";
			};
			name = Debug;
		};
		AD4580E129CC71C700B8D8A6 /* Release */ = {
			isa = XCBuildConfiguration;
			buildSettings = {
				ALWAYS_SEARCH_USER_PATHS = NO;
				CLANG_ANALYZER_NONNULL = YES;
				CLANG_ANALYZER_NUMBER_OBJECT_CONVERSION = YES_AGGRESSIVE;
				CLANG_CXX_LANGUAGE_STANDARD = "gnu++20";
				CLANG_ENABLE_MODULES = YES;
				CLANG_ENABLE_OBJC_ARC = YES;
				CLANG_ENABLE_OBJC_WEAK = YES;
				CLANG_WARN_BLOCK_CAPTURE_AUTORELEASING = YES;
				CLANG_WARN_BOOL_CONVERSION = YES;
				CLANG_WARN_COMMA = YES;
				CLANG_WARN_CONSTANT_CONVERSION = YES;
				CLANG_WARN_DEPRECATED_OBJC_IMPLEMENTATIONS = YES;
				CLANG_WARN_DIRECT_OBJC_ISA_USAGE = YES_ERROR;
				CLANG_WARN_DOCUMENTATION_COMMENTS = YES;
				CLANG_WARN_EMPTY_BODY = YES;
				CLANG_WARN_ENUM_CONVERSION = YES;
				CLANG_WARN_INFINITE_RECURSION = YES;
				CLANG_WARN_INT_CONVERSION = YES;
				CLANG_WARN_NON_LITERAL_NULL_CONVERSION = YES;
				CLANG_WARN_OBJC_IMPLICIT_RETAIN_SELF = YES;
				CLANG_WARN_OBJC_LITERAL_CONVERSION = YES;
				CLANG_WARN_OBJC_ROOT_CLASS = YES_ERROR;
				CLANG_WARN_QUOTED_INCLUDE_IN_FRAMEWORK_HEADER = YES;
				CLANG_WARN_RANGE_LOOP_ANALYSIS = YES;
				CLANG_WARN_STRICT_PROTOTYPES = YES;
				CLANG_WARN_SUSPICIOUS_MOVE = YES;
				CLANG_WARN_UNGUARDED_AVAILABILITY = YES_AGGRESSIVE;
				CLANG_WARN_UNREACHABLE_CODE = YES;
				CLANG_WARN__DUPLICATE_METHOD_MATCH = YES;
				COPY_PHASE_STRIP = NO;
				DEBUG_INFORMATION_FORMAT = "dwarf-with-dsym";
				ENABLE_NS_ASSERTIONS = NO;
				ENABLE_STRICT_OBJC_MSGSEND = YES;
				GCC_C_LANGUAGE_STANDARD = gnu11;
				GCC_NO_COMMON_BLOCKS = YES;
				GCC_WARN_64_TO_32_BIT_CONVERSION = YES;
				GCC_WARN_ABOUT_RETURN_TYPE = YES_ERROR;
				GCC_WARN_UNDECLARED_SELECTOR = YES;
				GCC_WARN_UNINITIALIZED_AUTOS = YES_AGGRESSIVE;
				GCC_WARN_UNUSED_FUNCTION = YES;
				GCC_WARN_UNUSED_VARIABLE = YES;
				IPHONEOS_DEPLOYMENT_TARGET = 13.0;
				MTL_ENABLE_DEBUG_INFO = NO;
				MTL_FAST_MATH = YES;
				SDKROOT = iphoneos;
				SWIFT_COMPILATION_MODE = wholemodule;
				SWIFT_OPTIMIZATION_LEVEL = "-O";
				VALIDATE_PRODUCT = YES;
			};
			name = Release;
		};
		AD4580E329CC71C700B8D8A6 /* Debug */ = {
			isa = XCBuildConfiguration;
			baseConfigurationReference = DA25624C2C1F1C3604E9F966 /* Pods-FindingPhotosProject.debug.xcconfig */;
			buildSettings = {
				ASSETCATALOG_COMPILER_APPICON_NAME = AppIcon;
				ASSETCATALOG_COMPILER_GLOBAL_ACCENT_COLOR_NAME = AccentColor;
				CODE_SIGN_STYLE = Automatic;
				CURRENT_PROJECT_VERSION = 1;
				DEVELOPMENT_TEAM = 68YVCN8TF9;
				GENERATE_INFOPLIST_FILE = YES;
				INFOPLIST_FILE = FindingPhotosProject/Info.plist;
				INFOPLIST_KEY_UIApplicationSupportsIndirectInputEvents = YES;
				INFOPLIST_KEY_UILaunchStoryboardName = LaunchScreen;
				INFOPLIST_KEY_UISupportedInterfaceOrientations_iPad = "UIInterfaceOrientationLandscapeLeft UIInterfaceOrientationLandscapeRight UIInterfaceOrientationPortrait UIInterfaceOrientationPortraitUpsideDown";
				IPHONEOS_DEPLOYMENT_TARGET = 13.0;
				LD_RUNPATH_SEARCH_PATHS = (
					"$(inherited)",
					"@executable_path/Frameworks",
				);
				MARKETING_VERSION = 1.0;
				PRODUCT_BUNDLE_IDENTIFIER = iOSTrio.FindingPhotosProject;
				PRODUCT_NAME = "$(TARGET_NAME)";
				SUPPORTED_PLATFORMS = "iphoneos iphonesimulator";
				SUPPORTS_MACCATALYST = NO;
				SUPPORTS_MAC_DESIGNED_FOR_IPHONE_IPAD = YES;
				SWIFT_EMIT_LOC_STRINGS = YES;
				SWIFT_VERSION = 5.0;
				TARGETED_DEVICE_FAMILY = 1;
			};
			name = Debug;
		};
		AD4580E429CC71C700B8D8A6 /* Release */ = {
			isa = XCBuildConfiguration;
			baseConfigurationReference = 0C91FF69D084BFA68B47EF0E /* Pods-FindingPhotosProject.release.xcconfig */;
			buildSettings = {
				ASSETCATALOG_COMPILER_APPICON_NAME = AppIcon;
				ASSETCATALOG_COMPILER_GLOBAL_ACCENT_COLOR_NAME = AccentColor;
				CODE_SIGN_STYLE = Automatic;
				CURRENT_PROJECT_VERSION = 1;
				DEVELOPMENT_TEAM = 68YVCN8TF9;
				GENERATE_INFOPLIST_FILE = YES;
				INFOPLIST_FILE = FindingPhotosProject/Info.plist;
				INFOPLIST_KEY_UIApplicationSupportsIndirectInputEvents = YES;
				INFOPLIST_KEY_UILaunchStoryboardName = LaunchScreen;
				INFOPLIST_KEY_UISupportedInterfaceOrientations_iPad = "UIInterfaceOrientationLandscapeLeft UIInterfaceOrientationLandscapeRight UIInterfaceOrientationPortrait UIInterfaceOrientationPortraitUpsideDown";
				IPHONEOS_DEPLOYMENT_TARGET = 13.0;
				LD_RUNPATH_SEARCH_PATHS = (
					"$(inherited)",
					"@executable_path/Frameworks",
				);
				MARKETING_VERSION = 1.0;
				PRODUCT_BUNDLE_IDENTIFIER = iOSTrio.FindingPhotosProject;
				PRODUCT_NAME = "$(TARGET_NAME)";
				SUPPORTED_PLATFORMS = "iphoneos iphonesimulator";
				SUPPORTS_MACCATALYST = NO;
				SUPPORTS_MAC_DESIGNED_FOR_IPHONE_IPAD = YES;
				SWIFT_EMIT_LOC_STRINGS = YES;
				SWIFT_VERSION = 5.0;
				TARGETED_DEVICE_FAMILY = 1;
			};
			name = Release;
		};
/* End XCBuildConfiguration section */

/* Begin XCConfigurationList section */
		AD4580C629CC71C600B8D8A6 /* Build configuration list for PBXProject "FindingPhotosProject" */ = {
			isa = XCConfigurationList;
			buildConfigurations = (
				AD4580E029CC71C700B8D8A6 /* Debug */,
				AD4580E129CC71C700B8D8A6 /* Release */,
			);
			defaultConfigurationIsVisible = 0;
			defaultConfigurationName = Release;
		};
		AD4580E229CC71C700B8D8A6 /* Build configuration list for PBXNativeTarget "FindingPhotosProject" */ = {
			isa = XCConfigurationList;
			buildConfigurations = (
				AD4580E329CC71C700B8D8A6 /* Debug */,
				AD4580E429CC71C700B8D8A6 /* Release */,
			);
			defaultConfigurationIsVisible = 0;
			defaultConfigurationName = Release;
		};
/* End XCConfigurationList section */

/* Begin XCVersionGroup section */
		AD4580D729CC71C600B8D8A6 /* FindingPhotosProject.xcdatamodeld */ = {
			isa = XCVersionGroup;
			children = (
				AD4580D829CC71C600B8D8A6 /* FindingPhotosProject.xcdatamodel */,
			);
			currentVersion = AD4580D829CC71C600B8D8A6 /* FindingPhotosProject.xcdatamodel */;
			path = FindingPhotosProject.xcdatamodeld;
			sourceTree = "<group>";
			versionGroupType = wrapper.xcdatamodel;
		};
/* End XCVersionGroup section */
	};
	rootObject = AD4580C329CC71C600B8D8A6 /* Project object */;
}
